
Microsoft Visual Studio Solution File, Format Version 12.00
# Visual Studio 15
VisualStudioVersion = 15.0.28307.168
MinimumVisualStudioVersion = 10.0.40219.1
Project("{FAE04EC0-301F-11D3-BF4B-00C04F79EFBC}") = "GitDotNetCoreWebApp", "GitDotNetCoreWebApp\GitDotNetCoreWebApp.csproj", "{7A5D1ECB-70E9-4526-9F10-4E3BDBD3A40C}"
EndProject
Global
	GlobalSection(SolutionConfigurationPlatforms) = preSolution
		Debug|Any CPU = Debug|Any CPU
		Release|Any CPU = Release|Any CPU
	EndGlobalSection
	GlobalSection(ProjectConfigurationPlatforms) = postSolution
		{7A5D1ECB-70E9-4526-9F10-4E3BDBD3A40C}.Debug|Any CPU.ActiveCfg = Debug|Any CPU
		{7A5D1ECB-70E9-4526-9F10-4E3BDBD3A40C}.Debug|Any CPU.Build.0 = Debug|Any CPU
		{7A5D1ECB-70E9-4526-9F10-4E3BDBD3A40C}.Release|Any CPU.ActiveCfg = Release|Any CPU
		{7A5D1ECB-70E9-4526-9F10-4E3BDBD3A40C}.Release|Any CPU.Build.0 = Release|Any CPU
	EndGlobalSection
	GlobalSection(SolutionProperties) = preSolution
		HideSolutionNode = FALSE
	EndGlobalSection
	GlobalSection(ExtensibilityGlobals) = postSolution
		SolutionGuid = {111C18D0-6D0C-4335-BD7F-132B7A7A2EC5}
	EndGlobalSection
EndGlobal
